
Microsoft Visual Studio Solution File, Format Version 12.00
# Visual Studio Version 17
VisualStudioVersion = 17.3.32922.545
MinimumVisualStudioVersion = 10.0.40219.1
Project("{9A19103F-16F7-4668-BE54-9A1E7A4F7556}") = "FFSmartPlus-Website", "FFSmartPlus-Website\FFSmartPlus-Website.csproj", "{AFC0579C-6ECD-474A-ABE8-F184DFE4A179}"
EndProject
Project("{9A19103F-16F7-4668-BE54-9A1E7A4F7556}") = "FFSmartPlus-Tests", "FFSmartPlus-Tests\FFSmartPlus-Tests.csproj", "{775BE345-8701-4183-9EC4-1E03B19CFD4B}"
EndProject
Global
	GlobalSection(SolutionConfigurationPlatforms) = preSolution
		Debug|Any CPU = Debug|Any CPU
		Release|Any CPU = Release|Any CPU
	EndGlobalSection
	GlobalSection(ProjectConfigurationPlatforms) = postSolution
		{AFC0579C-6ECD-474A-ABE8-F184DFE4A179}.Debug|Any CPU.ActiveCfg = Debug|Any CPU
		{AFC0579C-6ECD-474A-ABE8-F184DFE4A179}.Debug|Any CPU.Build.0 = Debug|Any CPU
		{AFC0579C-6ECD-474A-ABE8-F184DFE4A179}.Release|Any CPU.ActiveCfg = Release|Any CPU
		{AFC0579C-6ECD-474A-ABE8-F184DFE4A179}.Release|Any CPU.Build.0 = Release|Any CPU
		{775BE345-8701-4183-9EC4-1E03B19CFD4B}.Debug|Any CPU.ActiveCfg = Debug|Any CPU
		{775BE345-8701-4183-9EC4-1E03B19CFD4B}.Debug|Any CPU.Build.0 = Debug|Any CPU
		{775BE345-8701-4183-9EC4-1E03B19CFD4B}.Release|Any CPU.ActiveCfg = Release|Any CPU
		{775BE345-8701-4183-9EC4-1E03B19CFD4B}.Release|Any CPU.Build.0 = Release|Any CPU
	EndGlobalSection
	GlobalSection(SolutionProperties) = preSolution
		HideSolutionNode = FALSE
	EndGlobalSection
	GlobalSection(ExtensibilityGlobals) = postSolution
		SolutionGuid = {800BC557-BE4B-4C8B-B6B4-D7E28325E422}
	EndGlobalSection
EndGlobal
